PODS:
  - CoreGPX (0.7.0)

DEPENDENCIES:
  - CoreGPX (from `https://github.com/VincentNeo/CoreGPX`, branch `refactor/GPXParser`)

EXTERNAL SOURCES:
  CoreGPX:
    :branch: refactor/GPXParser
    :git: https://github.com/VincentNeo/CoreGPX

CHECKOUT OPTIONS:
  CoreGPX:
    :commit: 206740422cc40233d1acb74f9f0f4949c432dec5
    :git: https://github.com/VincentNeo/CoreGPX

SPEC CHECKSUMS:
  CoreGPX: 9f4ebc23cfa859725cd3e9ed5ccf6508463b41a8

PODFILE CHECKSUM: db7478d9de1c55b64df9d038e6bde7c626e5a350

COCOAPODS: 1.7.5
