{
  "object": {
    "pins": [
      {
        "package": "CoreGPX",
        "repositoryURL": "https://github.com/vincentneo/CoreGPX.git",
        "state": {
          "branch": null,
          "revision": "824b92a72cd1ce0ab7a8bc17ca0e07b0ff95a64a",
          "version": "0.8.1"
        }
      },
      {
        "package": "MapCache",
        "repositoryURL": "https://github.com/merlos/MapCache.git",
        "state": {
          "branch": null,
          "revision": "54000665b3cdf399236694e117f46b024faaf096",
          "version": "0.9.0"
        }
      }
    ]
  },
  "version": 1
}
