{
  "pins" : [
    {
      "identity" : "coregpx",
      "kind" : "remoteSourceControl",
      "location" : "https://github.com/vincentneo/CoreGPX.git",
      "state" : {
        "branch" : "master",
        "revision" : "ee1fa3fed02a6ece9f8ac15167bc901d248ad14c"
      }
    },
    {
      "identity" : "mapcache",
      "kind" : "remoteSourceControl",
      "location" : "https://github.com/merlos/MapCache.git",
      "state" : {
        "revision" : "54000665b3cdf399236694e117f46b024faaf096",
        "version" : "0.9.0"
      }
    }
  ],
  "version" : 2
}
