{
  "originHash" : "8e3370b7daf62116a65501e9879fee91a246dad1f74e9af797ac6528722b3bd9",
  "pins" : [
    {
      "identity" : "coregpx",
      "kind" : "remoteSourceControl",
      "location" : "https://github.com/vincentneo/CoreGPX.git",
      "state" : {
        "revision" : "90dea5dea799e2b3684f5c72f07141d8516ce80b",
        "version" : "0.9.2"
      }
    },
    {
      "identity" : "mapcache",
      "kind" : "remoteSourceControl",
      "location" : "https://github.com/merlos/MapCache.git",
      "state" : {
        "revision" : "c18c99823de57b6d91c6af248a1e436d380f88cc",
        "version" : "0.10.0"
      }
    }
  ],
  "version" : 3
}
